
Microsoft Visual Studio Solution File, Format Version 12.00
# Visual Studio Version 17
VisualStudioVersion = 17.5.002.0
MinimumVisualStudioVersion = 10.0.40219.1
Project("{9A19103F-16F7-4668-BE54-9A1E7A4F7556}") = "atividade", "atividade\atividade.csproj", "{FBE241FB-99E7-4C38-B2A5-7953749C8099}"
EndProject
Global
	GlobalSection(SolutionConfigurationPlatforms) = preSolution
		Debug|Any CPU = Debug|Any CPU
		Release|Any CPU = Release|Any CPU
	EndGlobalSection
	GlobalSection(ProjectConfigurationPlatforms) = postSolution
		{FBE241FB-99E7-4C38-B2A5-7953749C8099}.Debug|Any CPU.ActiveCfg = Debug|Any CPU
		{FBE241FB-99E7-4C38-B2A5-7953749C8099}.Debug|Any CPU.Build.0 = Debug|Any CPU
		{FBE241FB-99E7-4C38-B2A5-7953749C8099}.Release|Any CPU.ActiveCfg = Release|Any CPU
		{FBE241FB-99E7-4C38-B2A5-7953749C8099}.Release|Any CPU.Build.0 = Release|Any CPU
	EndGlobalSection
	GlobalSection(SolutionProperties) = preSolution
		HideSolutionNode = FALSE
	EndGlobalSection
	GlobalSection(ExtensibilityGlobals) = postSolution
		SolutionGuid = {E4D9A4B0-667E-4B4B-A46E-3CCF509D69F7}
	EndGlobalSection
EndGlobal
